
Microsoft Visual Studio Solution File, Format Version 12.00
# Visual Studio Version 17
VisualStudioVersion = 17.14.37216.2 d17.14
MinimumVisualStudioVersion = 10.0.40219.1
Project("{FAE04EC0-301F-11D3-BF4B-00C04F79EFBC}") = "github", "github\github.csproj", "{1D3BE6B8-7D9B-4FB1-9FDE-D4CE5C299D41}"
EndProject
Global
	GlobalSection(SolutionConfigurationPlatforms) = preSolution
		Debug|Any CPU = Debug|Any CPU
		Release|Any CPU = Release|Any CPU
	EndGlobalSection
	GlobalSection(ProjectConfigurationPlatforms) = postSolution
		{1D3BE6B8-7D9B-4FB1-9FDE-D4CE5C299D41}.Debug|Any CPU.ActiveCfg = Debug|Any CPU
		{1D3BE6B8-7D9B-4FB1-9FDE-D4CE5C299D41}.Debug|Any CPU.Build.0 = Debug|Any CPU
		{1D3BE6B8-7D9B-4FB1-9FDE-D4CE5C299D41}.Release|Any CPU.ActiveCfg = Release|Any CPU
		{1D3BE6B8-7D9B-4FB1-9FDE-D4CE5C299D41}.Release|Any CPU.Build.0 = Release|Any CPU
	EndGlobalSection
	GlobalSection(SolutionProperties) = preSolution
		HideSolutionNode = FALSE
	EndGlobalSection
	GlobalSection(ExtensibilityGlobals) = postSolution
		SolutionGuid = {3FFABC7C-AEEC-4E95-BBB8-AFFD18BFACEA}
	EndGlobalSection
EndGlobal
